
Microsoft Visual Studio Solution File, Format Version 12.00
# Visual Studio 15
VisualStudioVersion = 15.0.28307.271
MinimumVisualStudioVersion = 10.0.40219.1
Project("{9A19103F-16F7-4668-BE54-9A1E7A4F7556}") = "HeadlessChromium.Puppeteer.Lambda.Dotnet", "HeadlessChromium.Puppeteer.Lambda.Dotnet\HeadlessChromium.Puppeteer.Lambda.Dotnet.csproj", "{79BE7D60-5629-4E31-8F0F-3A92F9B5471C}"
EndProject
Project("{FAE04EC0-301F-11D3-BF4B-00C04F79EFBC}") = "HeadlessChromium.Puppeteer.Lambda.Dotnet.Tests", "HeadlessChromium.Puppeteer.Lambda.Dotnet.Tests\HeadlessChromium.Puppeteer.Lambda.Dotnet.Tests.csproj", "{3D3C3EDF-9C06-4013-8238-889EAB4A2F47}"
EndProject
Global
	GlobalSection(SolutionConfigurationPlatforms) = preSolution
		Debug|Any CPU = Debug|Any CPU
		Debug|x64 = Debug|x64
		Debug|x86 = Debug|x86
		Release|Any CPU = Release|Any CPU
		Release|x64 = Release|x64
		Release|x86 = Release|x86
	EndGlobalSection
	GlobalSection(ProjectConfigurationPlatforms) = postSolution
		{79BE7D60-5629-4E31-8F0F-3A92F9B5471C}.Debug|Any CPU.ActiveCfg = Debug|Any CPU
		{79BE7D60-5629-4E31-8F0F-3A92F9B5471C}.Debug|Any CPU.Build.0 = Debug|Any CPU
		{79BE7D60-5629-4E31-8F0F-3A92F9B5471C}.Debug|x64.ActiveCfg = Debug|Any CPU
		{79BE7D60-5629-4E31-8F0F-3A92F9B5471C}.Debug|x64.Build.0 = Debug|Any CPU
		{79BE7D60-5629-4E31-8F0F-3A92F9B5471C}.Debug|x86.ActiveCfg = Debug|Any CPU
		{79BE7D60-5629-4E31-8F0F-3A92F9B5471C}.Debug|x86.Build.0 = Debug|Any CPU
		{79BE7D60-5629-4E31-8F0F-3A92F9B5471C}.Release|Any CPU.ActiveCfg = Release|Any CPU
		{79BE7D60-5629-4E31-8F0F-3A92F9B5471C}.Release|Any CPU.Build.0 = Release|Any CPU
		{79BE7D60-5629-4E31-8F0F-3A92F9B5471C}.Release|x64.ActiveCfg = Release|Any CPU
		{79BE7D60-5629-4E31-8F0F-3A92F9B5471C}.Release|x64.Build.0 = Release|Any CPU
		{79BE7D60-5629-4E31-8F0F-3A92F9B5471C}.Release|x86.ActiveCfg = Release|Any CPU
		{79BE7D60-5629-4E31-8F0F-3A92F9B5471C}.Release|x86.Build.0 = Release|Any CPU
		{3D3C3EDF-9C06-4013-8238-889EAB4A2F47}.Debug|Any CPU.ActiveCfg = Debug|Any CPU
		{3D3C3EDF-9C06-4013-8238-889EAB4A2F47}.Debug|Any CPU.Build.0 = Debug|Any CPU
		{3D3C3EDF-9C06-4013-8238-889EAB4A2F47}.Debug|x64.ActiveCfg = Debug|Any CPU
		{3D3C3EDF-9C06-4013-8238-889EAB4A2F47}.Debug|x64.Build.0 = Debug|Any CPU
		{3D3C3EDF-9C06-4013-8238-889EAB4A2F47}.Debug|x86.ActiveCfg = Debug|Any CPU
		{3D3C3EDF-9C06-4013-8238-889EAB4A2F47}.Debug|x86.Build.0 = Debug|Any CPU
		{3D3C3EDF-9C06-4013-8238-889EAB4A2F47}.Release|Any CPU.ActiveCfg = Release|Any CPU
		{3D3C3EDF-9C06-4013-8238-889EAB4A2F47}.Release|Any CPU.Build.0 = Release|Any CPU
		{3D3C3EDF-9C06-4013-8238-889EAB4A2F47}.Release|x64.ActiveCfg = Release|Any CPU
		{3D3C3EDF-9C06-4013-8238-889EAB4A2F47}.Release|x64.Build.0 = Release|Any CPU
		{3D3C3EDF-9C06-4013-8238-889EAB4A2F47}.Release|x86.ActiveCfg = Release|Any CPU
		{3D3C3EDF-9C06-4013-8238-889EAB4A2F47}.Release|x86.Build.0 = Release|Any CPU
	EndGlobalSection
	GlobalSection(SolutionProperties) = preSolution
		HideSolutionNode = FALSE
	EndGlobalSection
	GlobalSection(ExtensibilityGlobals) = postSolution
		SolutionGuid = {8E80BAD9-8749-47EC-814C-A1AE434E5F9A}
	EndGlobalSection
EndGlobal
